
Microsoft Visual Studio Solution File, Format Version 12.00
# Visual Studio Version 17
VisualStudioVersion = 17.8.34525.116
MinimumVisualStudioVersion = 10.0.40219.1
Project("{FAE04EC0-301F-11D3-BF4B-00C04F79EFBC}") = "Web.Api", "Web.Api\Web.Api.csproj", "{A2D69364-53E4-4517-8D92-35D3FD00D7CC}"
	ProjectSection(ProjectDependencies) = postProject
		{1DA186BE-2A5A-4281-8B0A-24D0B7D17B43} = {1DA186BE-2A5A-4281-8B0A-24D0B7D17B43}
		{252FA51D-FA11-44A4-BF94-1DC546DDD931} = {252FA51D-FA11-44A4-BF94-1DC546DDD931}
	EndProjectSection
EndProject
Project("{FAE04EC0-301F-11D3-BF4B-00C04F79EFBC}") = "Domain", "Domain\Domain.csproj", "{9E7CDAA4-4663-4B27-8EAC-E3FEDE746168}"
EndProject
Project("{FAE04EC0-301F-11D3-BF4B-00C04F79EFBC}") = "Infrastructure", "Infrastructure\Infrastructure.csproj", "{1DA186BE-2A5A-4281-8B0A-24D0B7D17B43}"
	ProjectSection(ProjectDependencies) = postProject
		{252FA51D-FA11-44A4-BF94-1DC546DDD931} = {252FA51D-FA11-44A4-BF94-1DC546DDD931}
	EndProjectSection
EndProject
Project("{FAE04EC0-301F-11D3-BF4B-00C04F79EFBC}") = "Application", "Application\Application.csproj", "{252FA51D-FA11-44A4-BF94-1DC546DDD931}"
	ProjectSection(ProjectDependencies) = postProject
		{9E7CDAA4-4663-4B27-8EAC-E3FEDE746168} = {9E7CDAA4-4663-4B27-8EAC-E3FEDE746168}
	EndProjectSection
EndProject
Global
	GlobalSection(SolutionConfigurationPlatforms) = preSolution
		Debug|Any CPU = Debug|Any CPU
		Release|Any CPU = Release|Any CPU
	EndGlobalSection
	GlobalSection(ProjectConfigurationPlatforms) = postSolution
		{A2D69364-53E4-4517-8D92-35D3FD00D7CC}.Debug|Any CPU.ActiveCfg = Debug|Any CPU
		{A2D69364-53E4-4517-8D92-35D3FD00D7CC}.Debug|Any CPU.Build.0 = Debug|Any CPU
		{A2D69364-53E4-4517-8D92-35D3FD00D7CC}.Release|Any CPU.ActiveCfg = Release|Any CPU
		{A2D69364-53E4-4517-8D92-35D3FD00D7CC}.Release|Any CPU.Build.0 = Release|Any CPU
		{9E7CDAA4-4663-4B27-8EAC-E3FEDE746168}.Debug|Any CPU.ActiveCfg = Debug|Any CPU
		{9E7CDAA4-4663-4B27-8EAC-E3FEDE746168}.Debug|Any CPU.Build.0 = Debug|Any CPU
		{9E7CDAA4-4663-4B27-8EAC-E3FEDE746168}.Release|Any CPU.ActiveCfg = Release|Any CPU
		{9E7CDAA4-4663-4B27-8EAC-E3FEDE746168}.Release|Any CPU.Build.0 = Release|Any CPU
		{1DA186BE-2A5A-4281-8B0A-24D0B7D17B43}.Debug|Any CPU.ActiveCfg = Debug|Any CPU
		{1DA186BE-2A5A-4281-8B0A-24D0B7D17B43}.Debug|Any CPU.Build.0 = Debug|Any CPU
		{1DA186BE-2A5A-4281-8B0A-24D0B7D17B43}.Release|Any CPU.ActiveCfg = Release|Any CPU
		{1DA186BE-2A5A-4281-8B0A-24D0B7D17B43}.Release|Any CPU.Build.0 = Release|Any CPU
		{252FA51D-FA11-44A4-BF94-1DC546DDD931}.Debug|Any CPU.ActiveCfg = Debug|Any CPU
		{252FA51D-FA11-44A4-BF94-1DC546DDD931}.Debug|Any CPU.Build.0 = Debug|Any CPU
		{252FA51D-FA11-44A4-BF94-1DC546DDD931}.Release|Any CPU.ActiveCfg = Release|Any CPU
		{252FA51D-FA11-44A4-BF94-1DC546DDD931}.Release|Any CPU.Build.0 = Release|Any CPU
	EndGlobalSection
	GlobalSection(SolutionProperties) = preSolution
		HideSolutionNode = FALSE
	EndGlobalSection
	GlobalSection(ExtensibilityGlobals) = postSolution
		SolutionGuid = {944194F5-5FA0-4962-80BB-F666B1C6F50D}
	EndGlobalSection
EndGlobal
